
Microsoft Visual Studio Solution File, Format Version 12.00
# Visual Studio 15
VisualStudioVersion = 15.0.27428.2037
MinimumVisualStudioVersion = 10.0.40219.1
Project("{FAE04EC0-301F-11D3-BF4B-00C04F79EFBC}") = "Wimwowd", "Wimwowd\Wimwowd.csproj", "{E50743D4-C84A-443F-A337-E31EA09E18EA}"
EndProject
Global
	GlobalSection(SolutionConfigurationPlatforms) = preSolution
		Debug|Any CPU = Debug|Any CPU
		Release|Any CPU = Release|Any CPU
	EndGlobalSection
	GlobalSection(ProjectConfigurationPlatforms) = postSolution
		{E50743D4-C84A-443F-A337-E31EA09E18EA}.Debug|Any CPU.ActiveCfg = Debug|Any CPU
		{E50743D4-C84A-443F-A337-E31EA09E18EA}.Debug|Any CPU.Build.0 = Debug|Any CPU
		{E50743D4-C84A-443F-A337-E31EA09E18EA}.Release|Any CPU.ActiveCfg = Release|Any CPU
		{E50743D4-C84A-443F-A337-E31EA09E18EA}.Release|Any CPU.Build.0 = Release|Any CPU
	EndGlobalSection
	GlobalSection(SolutionProperties) = preSolution
		HideSolutionNode = FALSE
	EndGlobalSection
	GlobalSection(ExtensibilityGlobals) = postSolution
		SolutionGuid = {9E5CBD28-D7FD-4270-AF9F-0A1D04F79F5B}
	EndGlobalSection
EndGlobal
